version = 1
revision = 3
requires-python = "==3.6.8"

[[package]]
name = "altgraph"
version = "0.17.5"
source = { registry = "https://pypi.org/simple" }
sdist = { url = "https://files.pythonhosted.org/packages/7e/f8/97fdf103f38fed6792a1601dbc16cc8aac56e7459a9fff08c812d8ae177a/altgraph-0.17.5.tar.gz", hash = "sha256:c87b395dd12fabde9c99573a9749d67da8d29ef9de0125c7f536699b4a9bc9e7", size = 48428, upload-time = "2025-11-21T20:35:50.583Z" }
wheels = [
    { url = "https://files.pythonhosted.org/packages/a9/ba/000a1996d4308bc65120167c21241a3b205464a2e0b58deda26ae8ac21d1/altgraph-0.17.5-py2.py3-none-any.whl", hash = "sha256:f3a22400bce1b0c701683820ac4f3b159cd301acab067c51c653e06961600597", size = 21228, upload-time = "2025-11-21T20:35:49.444Z" },
]

[[package]]
name = "desk-assistant"
version = "3.1.0"
source = { virtual = "." }

[package.optional-dependencies]
build = [
    { name = "pyinstaller" },
    { name = "pyinstaller-hooks-contrib" },
]

[package.metadata]
requires-dist = [
    { name = "pyinstaller", marker = "extra == 'build'", specifier = "==4.10" },
    { name = "pyinstaller-hooks-contrib", marker = "extra == 'build'", specifier = "==2022.0" },
]
provides-extras = ["build"]

[[package]]
name = "importlib-metadata"
version = "4.8.3"
source = { registry = "https://pypi.org/simple" }
dependencies = [
    { name = "typing-extensions" },
    { name = "zipp" },
]
sdist = { url = "https://files.pythonhosted.org/packages/85/ed/e65128cc5cb1580f22ee3009d9187ecdfcc43ffb3b581fe854b24e87d8e7/importlib_metadata-4.8.3.tar.gz", hash = "sha256:766abffff765960fcc18003801f7044eb6755ffae4521c8e8ce8e83b9c9b0668", size = 41979, upload-time = "2021-12-16T14:42:26.577Z" }
wheels = [
    { url = "https://files.pythonhosted.org/packages/a0/a1/b153a0a4caf7a7e3f15c2cd56c7702e2cf3d89b1b359d1f1c5e59d68f4ce/importlib_metadata-4.8.3-py3-none-any.whl", hash = "sha256:65a9576a5b2d58ca44d133c42a241905cc45e34d2c06fd5ba2bafa221e5d7b5e", size = 17978, upload-time = "2021-12-16T14:42:25.457Z" },
]

[[package]]
name = "macholib"
version = "1.16.4"
source = { registry = "https://pypi.org/simple" }
dependencies = [
    { name = "altgraph" },
]
sdist = { url = "https://files.pythonhosted.org/packages/10/2f/97589876ea967487978071c9042518d28b958d87b17dceb7cdc1d881f963/macholib-1.16.4.tar.gz", hash = "sha256:f408c93ab2e995cd2c46e34fe328b130404be143469e41bc366c807448979362", size = 59427, upload-time = "2025-11-22T08:28:38.373Z" }
wheels = [
    { url = "https://files.pythonhosted.org/packages/c7/d1/a9f36f8ecdf0fb7c9b1e78c8d7af12b8c8754e74851ac7b94a8305540fc7/macholib-1.16.4-py2.py3-none-any.whl", hash = "sha256:da1a3fa8266e30f0ce7e97c6a54eefaae8edd1e5f86f3eb8b95457cae90265ea", size = 38117, upload-time = "2025-11-22T08:28:36.939Z" },
]

[[package]]
name = "pefile"
version = "2024.8.26"
source = { registry = "https://pypi.org/simple" }
sdist = { url = "https://files.pythonhosted.org/packages/03/4f/2750f7f6f025a1507cd3b7218691671eecfd0bbebebe8b39aa0fe1d360b8/pefile-2024.8.26.tar.gz", hash = "sha256:3ff6c5d8b43e8c37bb6e6dd5085658d658a7a0bdcd20b6a07b1fcfc1c4e9d632", size = 76008, upload-time = "2024-08-26T20:58:38.155Z" }
wheels = [
    { url = "https://files.pythonhosted.org/packages/54/16/12b82f791c7f50ddec566873d5bdd245baa1491bac11d15ffb98aecc8f8b/pefile-2024.8.26-py3-none-any.whl", hash = "sha256:76f8b485dcd3b1bb8166f1128d395fa3d87af26360c2358fb75b80019b957c6f", size = 74766, upload-time = "2024-08-26T21:01:02.632Z" },
]

[[package]]
name = "pyinstaller"
version = "4.10"
source = { registry = "https://pypi.org/simple" }
dependencies = [
    { name = "altgraph" },
    { name = "importlib-metadata" },
    { name = "macholib", marker = "sys_platform == 'darwin'" },
    { name = "pefile", marker = "sys_platform == 'win32'" },
    { name = "pyinstaller-hooks-contrib" },
    { name = "pywin32-ctypes", marker = "sys_platform == 'win32'" },
    { name = "setuptools" },
]
sdist = { url = "https://files.pythonhosted.org/packages/b0/e6/e5760666896739115b0e4538a42cdd895215581618ec885ad043dd35ee57/pyinstaller-4.10.tar.gz", hash = "sha256:7749c868d2e2dc84df7d6f65437226183c8a366f3a99bb2737785625c3a3cca1", size = 2710187, upload-time = "2022-03-05T16:16:34.887Z" }
wheels = [
    { url = "https://files.pythonhosted.org/packages/61/3d/991517d1af7314c87bc9c5a46feb8aed345bb2e95badcb0c75c8385a6a97/pyinstaller-4.10-py3-none-macosx_10_13_universal2.whl", hash = "sha256:15557cd1a79d182967f0a5040750e6902e13ebd6cab41e3ed84d7b28a306357b", size = 1621716, upload-time = "2022-03-05T16:15:13.869Z" },
    { url = "https://files.pythonhosted.org/packages/05/f6/ebd54e7db8eff0625961e1ab07b486a64d6567a8f603aa1a380c41719052/pyinstaller-4.10-py3-none-manylinux2014_aarch64.whl", hash = "sha256:f2166ff2cd95eefb0d377ae8d1071f186fa25edd410ede65b376162d5ec41909", size = 1501022, upload-time = "2022-03-05T16:15:21.575Z" },
    { url = "https://files.pythonhosted.org/packages/08/22/23f439ade4cbf981590f03239ccedbbf4514f9a74c462e3c98364845d4d9/pyinstaller-4.10-py3-none-manylinux2014_i686.whl", hash = "sha256:7d94518ba1f8e9a8577345312276891ad7d6cd9785e453e9951b35647e2c7078", size = 1502283, upload-time = "2022-03-05T16:15:28.467Z" },
    { url = "https://files.pythonhosted.org/packages/5d/47/06ed24d98b424d4552e9c53caf194680f2c3fb58e346c4c9b1498dda6916/pyinstaller-4.10-py3-none-manylinux2014_ppc64le.whl", hash = "sha256:70c71e827f4b34602cbc7a0947a067b662c1cbdc4db51832e13b97cca3c54dd7", size = 1505493, upload-time = "2022-03-05T16:15:35.831Z" },
    { url = "https://files.pythonhosted.org/packages/79/d5/f457324575eee36dc86502f58676e91e47a501ddb57f635e0ed0ce668527/pyinstaller-4.10-py3-none-manylinux2014_s390x.whl", hash = "sha256:05c21117b84199272ebd355b556af4714f6e79245e1c435d6f16653786d7d17e", size = 1498811, upload-time = "2022-03-05T16:15:43.567Z" },
    { url = "https://files.pythonhosted.org/packages/41/d8/1805bef8f48fcd97d62ad51148cde66caefc95b0aa61e2f7ac3ea3064331/pyinstaller-4.10-py3-none-manylinux2014_x86_64.whl", hash = "sha256:714c4dcc319a41416744d1e30c6317405dfaed80d2adc45f8bfa70dc7367e664", size = 1498280, upload-time = "2022-03-05T16:15:50.796Z" },
    { url = "https://files.pythonhosted.org/packages/29/c4/c33d237586322ce4310af459091ccb6119e64c03c015a5fef10639e4b642/pyinstaller-4.10-py3-none-musllinux_1_1_aarch64.whl", hash = "sha256:581620bdcd32f01e89b13231256b807bb090e7eadf40c81c864ec402afa4758a", size = 1502553, upload-time = "2022-03-05T16:15:57.906Z" },
    { url = "https://files.pythonhosted.org/packages/4d/96/eaeeb81b2caa1ea4e752565878313ece32d8efbc2857089866cd200c5340/pyinstaller-4.10-py3-none-musllinux_1_1_x86_64.whl", hash = "sha256:d4f79c0a774451f12baca4e476376418f011fa3039dde8fd172ea2aa8ff67bad", size = 1498945, upload-time = "2022-03-05T16:16:04.825Z" },
    { url = "https://files.pythonhosted.org/packages/e3/1d/147a98967961f0070d7be32fedf59103683586dfec87950e24bd4af70ee6/pyinstaller-4.10-py3-none-win32.whl", hash = "sha256:cfed0b3a43e73550a43a094610328109564710b9514afa093ef7199d072cae87", size = 1912987, upload-time = "2022-03-05T16:16:13.799Z" },
    { url = "https://files.pythonhosted.org/packages/96/9e/6dbf706e8110a442c840d93d501acbf99040cc79d162018b3dedf17537c1/pyinstaller-4.10-py3-none-win_amd64.whl", hash = "sha256:0dcaf6557cdb2da763c46e06e95a94a7634ab03fb09d91bc77988b01ee05c907", size = 1957160, upload-time = "2022-03-05T16:16:22.629Z" },
]

[[package]]
name = "pyinstaller-hooks-contrib"
version = "2022.0"
source = { registry = "https://pypi.org/simple" }
sdist = { url = "https://files.pythonhosted.org/packages/59/e7/92c24ccf57f2a7ceeb0b40b793776fa68663ed3eba7643588eafd2a826d0/pyinstaller-hooks-contrib-2022.0.tar.gz", hash = "sha256:61b667f51b2525377fae30793f38fd9752a08032c72b209effabf707c840cc38", size = 80893, upload-time = "2022-01-24T17:41:21.862Z" }
wheels = [
    { url = "https://files.pythonhosted.org/packages/a5/51/aca8508043b9564620bdd96adbc824b8d84537afcfb92ff806ea119ee176/pyinstaller_hooks_contrib-2022.0-py2.py3-none-any.whl", hash = "sha256:29f0bd8fbb2ff6f2df60a0c147e5b5ad65ae5c1a982d90641a5f712de03fa161", size = 222564, upload-time = "2022-01-24T17:41:20.232Z" },
]

[[package]]
name = "pywin32-ctypes"
version = "0.2.3"
source = { registry = "https://pypi.org/simple" }
sdist = { url = "https://files.pythonhosted.org/packages/85/9f/01a1a99704853cb63f253eea009390c88e7131c67e66a0a02099a8c917cb/pywin32-ctypes-0.2.3.tar.gz", hash = "sha256:d162dc04946d704503b2edc4d55f3dba5c1d539ead017afa00142c38b9885755", size = 29471, upload-time = "2024-08-14T10:15:34.626Z" }
wheels = [
    { url = "https://files.pythonhosted.org/packages/de/3d/8161f7711c017e01ac9f008dfddd9410dff3674334c233bde66e7ba65bbf/pywin32_ctypes-0.2.3-py3-none-any.whl", hash = "sha256:8a1513379d709975552d202d942d9837758905c8d01eb82b8bcc30918929e7b8", size = 30756, upload-time = "2024-08-14T10:15:33.187Z" },
]

[[package]]
name = "setuptools"
version = "59.6.0"
source = { registry = "https://pypi.org/simple" }
sdist = { url = "https://files.pythonhosted.org/packages/6a/fa/5ec0fa9095c9b72cb1c31a8175c4c6745bf5927d1045d7a70df35d54944f/setuptools-59.6.0.tar.gz", hash = "sha256:22c7348c6d2976a52632c67f7ab0cdf40147db7789f9aed18734643fe9cf3373", size = 2281973, upload-time = "2021-12-12T20:46:30.376Z" }
wheels = [
    { url = "https://files.pythonhosted.org/packages/b0/3a/88b210db68e56854d0bcf4b38e165e03be377e13907746f825790f3df5bf/setuptools-59.6.0-py3-none-any.whl", hash = "sha256:4ce92f1e1f8f01233ee9952c04f6b81d1e02939d6e1b488428154974a4d0783e", size = 952597, upload-time = "2021-12-12T20:46:28.631Z" },
]

[[package]]
name = "typing-extensions"
version = "4.1.1"
source = { registry = "https://pypi.org/simple" }
sdist = { url = "https://files.pythonhosted.org/packages/b1/5a/8b5fbb891ef3f81fc923bf3cb4a578c0abf9471eb50ce0f51c74212182ab/typing_extensions-4.1.1.tar.gz", hash = "sha256:1a9462dcc3347a79b1f1c0271fbe79e844580bb598bafa1ed208b94da3cdcd42", size = 26694, upload-time = "2022-02-14T03:19:57.426Z" }
wheels = [
    { url = "https://files.pythonhosted.org/packages/45/6b/44f7f8f1e110027cf88956b59f2fad776cca7e1704396d043f89effd3a0e/typing_extensions-4.1.1-py3-none-any.whl", hash = "sha256:21c85e0fe4b9a155d0799430b0ad741cdce7e359660ccbd8b530613e8df88ce2", size = 26844, upload-time = "2022-02-14T03:19:55.773Z" },
]

[[package]]
name = "zipp"
version = "3.6.0"
source = { registry = "https://pypi.org/simple" }
sdist = { url = "https://files.pythonhosted.org/packages/02/bf/0d03dbdedb83afec081fefe86cae3a2447250ef1a81ac601a9a56e785401/zipp-3.6.0.tar.gz", hash = "sha256:71c644c5369f4a6e07636f0aa966270449561fcea2e3d6747b8d23efaa9d7832", size = 13047, upload-time = "2021-09-29T15:34:01.816Z" }
wheels = [
    { url = "https://files.pythonhosted.org/packages/bd/df/d4a4974a3e3957fd1c1fa3082366d7fff6e428ddb55f074bf64876f8e8ad/zipp-3.6.0-py3-none-any.whl", hash = "sha256:9fe5ea21568a0a70e50f273397638d39b03353731e6cbbb3fd8502a33fec40bc", size = 5313, upload-time = "2021-09-29T15:34:00.831Z" },
]
